
Microsoft Visual Studio Solution File, Format Version 12.00
# Visual Studio Version 16
VisualStudioVersion = 16.0.32413.511
MinimumVisualStudioVersion = 10.0.40219.1
Project("{9A19103F-16F7-4668-BE54-9A1E7A4F7556}") = "SoilParams", "SoilParams.csproj", "{F8287FE3-0228-43C4-A870-CABD378691B7}"
EndProject
Global
	GlobalSection(SolutionConfigurationPlatforms) = preSolution
		Debug|Any CPU = Debug|Any CPU
		Release|Any CPU = Release|Any CPU
	EndGlobalSection
	GlobalSection(ProjectConfigurationPlatforms) = postSolution
		{F8287FE3-0228-43C4-A870-CABD378691B7}.Debug|Any CPU.ActiveCfg = Debug|Any CPU
		{F8287FE3-0228-43C4-A870-CABD378691B7}.Debug|Any CPU.Build.0 = Debug|Any CPU
		{F8287FE3-0228-43C4-A870-CABD378691B7}.Release|Any CPU.ActiveCfg = Release|Any CPU
		{F8287FE3-0228-43C4-A870-CABD378691B7}.Release|Any CPU.Build.0 = Release|Any CPU
	EndGlobalSection
	GlobalSection(SolutionProperties) = preSolution
		HideSolutionNode = FALSE
	EndGlobalSection
	GlobalSection(ExtensibilityGlobals) = postSolution
		SolutionGuid = {60557FC2-343A-4F2F-8C6B-A144ED17C1C8}
	EndGlobalSection
EndGlobal
